
Microsoft Visual Studio Solution File, Format Version 12.00
# Visual Studio Version 17
VisualStudioVersion = 17.4.33205.214
MinimumVisualStudioVersion = 10.0.40219.1
Project("{FAE04EC0-301F-11D3-BF4B-00C04F79EFBC}") = "ChatGPT", "ChatGPT\ChatGPT.csproj", "{4574D9E2-A3CF-4B97-9C25-BFDDB283BC23}"
EndProject
Global
	GlobalSection(SolutionConfigurationPlatforms) = preSolution
		Debug|Any CPU = Debug|Any CPU
		Release|Any CPU = Release|Any CPU
	EndGlobalSection
	GlobalSection(ProjectConfigurationPlatforms) = postSolution
		{4574D9E2-A3CF-4B97-9C25-BFDDB283BC23}.Debug|Any CPU.ActiveCfg = Debug|Any CPU
		{4574D9E2-A3CF-4B97-9C25-BFDDB283BC23}.Debug|Any CPU.Build.0 = Debug|Any CPU
		{4574D9E2-A3CF-4B97-9C25-BFDDB283BC23}.Release|Any CPU.ActiveCfg = Release|Any CPU
		{4574D9E2-A3CF-4B97-9C25-BFDDB283BC23}.Release|Any CPU.Build.0 = Release|Any CPU
	EndGlobalSection
	GlobalSection(SolutionProperties) = preSolution
		HideSolutionNode = FALSE
	EndGlobalSection
	GlobalSection(ExtensibilityGlobals) = postSolution
		SolutionGuid = {4EA2DFD1-AAC4-4391-9099-23649ABB044B}
	EndGlobalSection
EndGlobal
